// !$*UTF8*$!
{
	archiveVersion = 1;
	classes = {
	};
	objectVersion = 56;
	objects = {

/* Begin PBXBuildFile section */
		8CEF75422DCBA615005B166B /* MHD_JihlavaApp.swift in Sources */ = {isa = PBXBuildFile; fileRef = 8CEF75412DCBA615005B166B /* MHD_JihlavaApp.swift */; };
		8CEF75442DCBA615005B166B /* ContentView.swift in Sources */ = {isa = PBXBuildFile; fileRef = 8CEF75432DCBA615005B166B /* ContentView.swift */; };
		8CEF75462DCBA617005B166B /* Assets.xcassets in Resources */ = {isa = PBXBuildFile; fileRef = 8CEF75452DCBA617005B166B /* Assets.xcassets */; };
		8CEF75492DCBA617005B166B /* Preview Assets.xcassets in Resources */ = {isa = PBXBuildFile; fileRef = 8CEF75482DCBA617005B166B /* Preview Assets.xcassets */; };
		8CEF75532DCBA618005B166B /* MHD_JihlavaTests.swift in Sources */ = {isa = PBXBuildFile; fileRef = 8CEF75522DCBA618005B166B /* MHD_JihlavaTests.swift */; };
		8CEF755D2DCBA618005B166B /* MHD_JihlavaUITests.swift in Sources */ = {isa = PBXBuildFile; fileRef = 8CEF755C2DCBA618005B166B /* MHD_JihlavaUITests.swift */; };
		8CEF755F2DCBA618005B166B /* MHD_JihlavaUITestsLaunchTests.swift in Sources */ = {isa = PBXBuildFile; fileRef = 8CEF755E2DCBA618005B166B /* MHD_JihlavaUITestsLaunchTests.swift */; };
/* End PBXBuildFile section */

/* Begin PBXContainerItemProxy section */
		8CEF754F2DCBA618005B166B /* PBXContainerItemProxy */ = {
			isa = PBXContainerItemProxy;
			containerPortal = 8CEF75362DCBA615005B166B /* Project object */;
			proxyType = 1;
			remoteGlobalIDString = 8CEF753D2DCBA615005B166B;
			remoteInfo = "MHD-Jihlava";
		};
		8CEF75592DCBA618005B166B /* PBXContainerItemProxy */ = {
			isa = PBXContainerItemProxy;
			containerPortal = 8CEF75362DCBA615005B166B /* Project object */;
			proxyType = 1;
			remoteGlobalIDString = 8CEF753D2DCBA615005B166B;
			remoteInfo = "MHD-Jihlava";
		};
/* End PBXContainerItemProxy section */

/* Begin PBXFileReference section */
		8CEF753E2DCBA615005B166B /* MHD-Jihlava.app */ = {isa = PBXFileReference; explicitFileType = wrapper.application; includeInIndex = 0; path = "MHD-Jihlava.app"; sourceTree = BUILT_PRODUCTS_DIR; };
		8CEF75412DCBA615005B166B /* MHD_JihlavaApp.swift */ = {isa = PBXFileReference; lastKnownFileType = sourcecode.swift; path = MHD_JihlavaApp.swift; sourceTree = "<group>"; };
		8CEF75432DCBA615005B166B /* ContentView.swift */ = {isa = PBXFileReference; lastKnownFileType = sourcecode.swift; path = ContentView.swift; sourceTree = "<group>"; };
		8CEF75452DCBA617005B166B /* Assets.xcassets */ = {isa = PBXFileReference; lastKnownFileType = folder.assetcatalog; path = Assets.xcassets; sourceTree = "<group>"; };
		8CEF75482DCBA617005B166B /* Preview Assets.xcassets */ = {isa = PBXFileReference; lastKnownFileType = folder.assetcatalog; path = "Preview Assets.xcassets"; sourceTree = "<group>"; };
		8CEF754E2DCBA618005B166B /* MHD-JihlavaTests.xctest */ = {isa = PBXFileReference; explicitFileType = wrapper.cfbundle; includeInIndex = 0; path = "MHD-JihlavaTests.xctest"; sourceTree = BUILT_PRODUCTS_DIR; };
		8CEF75522DCBA618005B166B /* MHD_JihlavaTests.swift */ = {isa = PBXFileReference; lastKnownFileType = sourcecode.swift; path = MHD_JihlavaTests.swift; sourceTree = "<group>"; };
		8CEF75582DCBA618005B166B /* MHD-JihlavaUITests.xctest */ = {isa = PBXFileReference; explicitFileType = wrapper.cfbundle; includeInIndex = 0; path = "MHD-JihlavaUITests.xctest"; sourceTree = BUILT_PRODUCTS_DIR; };
		8CEF755C2DCBA618005B166B /* MHD_JihlavaUITests.swift */ = {isa = PBXFileReference; lastKnownFileType = sourcecode.swift; path = MHD_JihlavaUITests.swift; sourceTree = "<group>"; };
		8CEF755E2DCBA618005B166B /* MHD_JihlavaUITestsLaunchTests.swift */ = {isa = PBXFileReference; lastKnownFileType = sourcecode.swift; path = MHD_JihlavaUITestsLaunchTests.swift; sourceTree = "<group>"; };
/* End PBXFileReference section */

/* Begin PBXFrameworksBuildPhase section */
		8CEF753B2DCBA615005B166B /* Frameworks */ = {
			isa = PBXFrameworksBuildPhase;
			buildActionMask = 2147483647;
			files = (
			);
			runOnlyForDeploymentPostprocessing = 0;
		};
		8CEF754B2DCBA618005B166B /* Frameworks */ = {
			isa = PBXFrameworksBuildPhase;
			buildActionMask = 2147483647;
			files = (
			);
			runOnlyForDeploymentPostprocessing = 0;
		};
		8CEF75552DCBA618005B166B /* Frameworks */ = {
			isa = PBXFrameworksBuildPhase;
			buildActionMask = 2147483647;
			files = (
			);
			runOnlyForDeploymentPostprocessing = 0;
		};
/* End PBXFrameworksBuildPhase section */

/* Begin PBXGroup section */
		8CEF75352DCBA615005B166B = {
			isa = PBXGroup;
			children = (
				8CEF75402DCBA615005B166B /* MHD-Jihlava */,
				8CEF75512DCBA618005B166B /* MHD-JihlavaTests */,
				8CEF755B2DCBA618005B166B /* MHD-JihlavaUITests */,
				8CEF753F2DCBA615005B166B /* Products */,
			);
			sourceTree = "<group>";
		};
		8CEF753F2DCBA615005B166B /* Products */ = {
			isa = PBXGroup;
			children = (
				8CEF753E2DCBA615005B166B /* MHD-Jihlava.app */,
				8CEF754E2DCBA618005B166B /* MHD-JihlavaTests.xctest */,
				8CEF75582DCBA618005B166B /* MHD-JihlavaUITests.xctest */,
			);
			name = Products;
			sourceTree = "<group>";
		};
		8CEF75402DCBA615005B166B /* MHD-Jihlava */ = {
			isa = PBXGroup;
			children = (
				8CEF75432DCBA615005B166B /* ContentView.swift */,
				8CEF75412DCBA615005B166B /* MHD_JihlavaApp.swift */,
				8CEF75452DCBA617005B166B /* Assets.xcassets */,
				8CEF75472DCBA617005B166B /* Preview Content */,
			);
			path = "MHD-Jihlava";
			sourceTree = "<group>";
		};
		8CEF75472DCBA617005B166B /* Preview Content */ = {
			isa = PBXGroup;
			children = (
				8CEF75482DCBA617005B166B /* Preview Assets.xcassets */,
			);
			path = "Preview Content";
			sourceTree = "<group>";
		};
		8CEF75512DCBA618005B166B /* MHD-JihlavaTests */ = {
			isa = PBXGroup;
			children = (
				8CEF75522DCBA618005B166B /* MHD_JihlavaTests.swift */,
			);
			path = "MHD-JihlavaTests";
			sourceTree = "<group>";
		};
		8CEF755B2DCBA618005B166B /* MHD-JihlavaUITests */ = {
			isa = PBXGroup;
			children = (
				8CEF755C2DCBA618005B166B /* MHD_JihlavaUITests.swift */,
				8CEF755E2DCBA618005B166B /* MHD_JihlavaUITestsLaunchTests.swift */,
			);
			path = "MHD-JihlavaUITests";
			sourceTree = "<group>";
		};
/* End PBXGroup section */

/* Begin PBXNativeTarget section */
		8CEF753D2DCBA615005B166B /* MHD-Jihlava */ = {
			isa = PBXNativeTarget;
			buildConfigurationList = 8CEF75622DCBA618005B166B /* Build configuration list for PBXNativeTarget "MHD-Jihlava" */;
			buildPhases = (
				8CEF753A2DCBA615005B166B /* Sources */,
				8CEF753B2DCBA615005B166B /* Frameworks */,
				8CEF753C2DCBA615005B166B /* Resources */,
			);
			buildRules = (
			);
			dependencies = (
			);
			name = "MHD-Jihlava";
			productName = "MHD-Jihlava";
			productReference = 8CEF753E2DCBA615005B166B /* MHD-Jihlava.app */;
			productType = "com.apple.product-type.application";
		};
		8CEF754D2DCBA618005B166B /* MHD-JihlavaTests */ = {
			isa = PBXNativeTarget;
			buildConfigurationList = 8CEF75652DCBA618005B166B /* Build configuration list for PBXNativeTarget "MHD-JihlavaTests" */;
			buildPhases = (
				8CEF754A2DCBA618005B166B /* Sources */,
				8CEF754B2DCBA618005B166B /* Frameworks */,
				8CEF754C2DCBA618005B166B /* Resources */,
			);
			buildRules = (
			);
			dependencies = (
				8CEF75502DCBA618005B166B /* PBXTargetDependency */,
			);
			name = "MHD-JihlavaTests";
			productName = "MHD-JihlavaTests";
			productReference = 8CEF754E2DCBA618005B166B /* MHD-JihlavaTests.xctest */;
			productType = "com.apple.product-type.bundle.unit-test";
		};
		8CEF75572DCBA618005B166B /* MHD-JihlavaUITests */ = {
			isa = PBXNativeTarget;
			buildConfigurationList = 8CEF75682DCBA618005B166B /* Build configuration list for PBXNativeTarget "MHD-JihlavaUITests" */;
			buildPhases = (
				8CEF75542DCBA618005B166B /* Sources */,
				8CEF75552DCBA618005B166B /* Frameworks */,
				8CEF75562DCBA618005B166B /* Resources */,
			);
			buildRules = (
			);
			dependencies = (
				8CEF755A2DCBA618005B166B /* PBXTargetDependency */,
			);
			name = "MHD-JihlavaUITests";
			productName = "MHD-JihlavaUITests";
			productReference = 8CEF75582DCBA618005B166B /* MHD-JihlavaUITests.xctest */;
			productType = "com.apple.product-type.bundle.ui-testing";
		};
/* End PBXNativeTarget section */

/* Begin PBXProject section */
		8CEF75362DCBA615005B166B /* Project object */ = {
			isa = PBXProject;
			attributes = {
				BuildIndependentTargetsInParallel = 1;
				LastSwiftUpdateCheck = 1520;
				LastUpgradeCheck = 1520;
				TargetAttributes = {
					8CEF753D2DCBA615005B166B = {
						CreatedOnToolsVersion = 15.2;
					};
					8CEF754D2DCBA618005B166B = {
						CreatedOnToolsVersion = 15.2;
						TestTargetID = 8CEF753D2DCBA615005B166B;
					};
					8CEF75572DCBA618005B166B = {
						CreatedOnToolsVersion = 15.2;
						TestTargetID = 8CEF753D2DCBA615005B166B;
					};
				};
			};
			buildConfigurationList = 8CEF75392DCBA615005B166B /* Build configuration list for PBXProject "MHD-Jihlava" */;
			compatibilityVersion = "Xcode 14.0";
			developmentRegion = en;
			hasScannedForEncodings = 0;
			knownRegions = (
				en,
				Base,
			);
			mainGroup = 8CEF75352DCBA615005B166B;
			productRefGroup = 8CEF753F2DCBA615005B166B /* Products */;
			projectDirPath = "";
			projectRoot = "";
			targets = (
				8CEF753D2DCBA615005B166B /* MHD-Jihlava */,
				8CEF754D2DCBA618005B166B /* MHD-JihlavaTests */,
				8CEF75572DCBA618005B166B /* MHD-JihlavaUITests */,
			);
		};
/* End PBXProject section */

/* Begin PBXResourcesBuildPhase section */
		8CEF753C2DCBA615005B166B /* Resources */ = {
			isa = PBXResourcesBuildPhase;
			buildActionMask = 2147483647;
			files = (
				8CEF75492DCBA617005B166B /* Preview Assets.xcassets in Resources */,
				8CEF75462DCBA617005B166B /* Assets.xcassets in Resources */,
			);
			runOnlyForDeploymentPostprocessing = 0;
		};
		8CEF754C2DCBA618005B166B /* Resources */ = {
			isa = PBXResourcesBuildPhase;
			buildActionMask = 2147483647;
			files = (
			);
			runOnlyForDeploymentPostprocessing = 0;
		};
		8CEF75562DCBA618005B166B /* Resources */ = {
			isa = PBXResourcesBuildPhase;
			buildActionMask = 2147483647;
			files = (
			);
			runOnlyForDeploymentPostprocessing = 0;
		};
/* End PBXResourcesBuildPhase section */

/* Begin PBXSourcesBuildPhase section */
		8CEF753A2DCBA615005B166B /* Sources */ = {
			isa = PBXSourcesBuildPhase;
			buildActionMask = 2147483647;
			files = (
				8CEF75442DCBA615005B166B /* ContentView.swift in Sources */,
				8CEF75422DCBA615005B166B /* MHD_JihlavaApp.swift in Sources */,
			);
			runOnlyForDeploymentPostprocessing = 0;
		};
		8CEF754A2DCBA618005B166B /* Sources */ = {
			isa = PBXSourcesBuildPhase;
			buildActionMask = 2147483647;
			files = (
				8CEF75532DCBA618005B166B /* MHD_JihlavaTests.swift in Sources */,
			);
			runOnlyForDeploymentPostprocessing = 0;
		};
		8CEF75542DCBA618005B166B /* Sources */ = {
			isa = PBXSourcesBuildPhase;
			buildActionMask = 2147483647;
			files = (
				8CEF755F2DCBA618005B166B /* MHD_JihlavaUITestsLaunchTests.swift in Sources */,
				8CEF755D2DCBA618005B166B /* MHD_JihlavaUITests.swift in Sources */,
			);
			runOnlyForDeploymentPostprocessing = 0;
		};
/* End PBXSourcesBuildPhase section */

/* Begin PBXTargetDependency section */
		8CEF75502DCBA618005B166B /* PBXTargetDependency */ = {
			isa = PBXTargetDependency;
			target = 8CEF753D2DCBA615005B166B /* MHD-Jihlava */;
			targetProxy = 8CEF754F2DCBA618005B166B /* PBXContainerItemProxy */;
		};
		8CEF755A2DCBA618005B166B /* PBXTargetDependency */ = {
			isa = PBXTargetDependency;
			target = 8CEF753D2DCBA615005B166B /* MHD-Jihlava */;
			targetProxy = 8CEF75592DCBA618005B166B /* PBXContainerItemProxy */;
		};
/* End PBXTargetDependency section */

/* Begin XCBuildConfiguration section */
		8CEF75602DCBA618005B166B /* Debug */ = {
			isa = XCBuildConfiguration;
			buildSettings = {
				ALWAYS_SEARCH_USER_PATHS = NO;
				ASSETCATALOG_COMPILER_GENERATE_SWIFT_ASSET_SYMBOL_EXTENSIONS = YES;
				CLANG_ANALYZER_NONNULL = YES;
				CLANG_ANALYZER_NUMBER_OBJECT_CONVERSION = YES_AGGRESSIVE;
				CLANG_CXX_LANGUAGE_STANDARD = "gnu++20";
				CLANG_ENABLE_MODULES = YES;
				CLANG_ENABLE_OBJC_ARC = YES;
				CLANG_ENABLE_OBJC_WEAK = YES;
				CLANG_WARN_BLOCK_CAPTURE_AUTORELEASING = YES;
				CLANG_WARN_BOOL_CONVERSION = YES;
				CLANG_WARN_COMMA = YES;
				CLANG_WARN_CONSTANT_CONVERSION = YES;
				CLANG_WARN_DEPRECATED_OBJC_IMPLEMENTATIONS = YES;
				CLANG_WARN_DIRECT_OBJC_ISA_USAGE = YES_ERROR;
				CLANG_WARN_DOCUMENTATION_COMMENTS = YES;
				CLANG_WARN_EMPTY_BODY = YES;
				CLANG_WARN_ENUM_CONVERSION = YES;
				CLANG_WARN_INFINITE_RECURSION = YES;
				CLANG_WARN_INT_CONVERSION = YES;
				CLANG_WARN_NON_LITERAL_NULL_CONVERSION = YES;
				CLANG_WARN_OBJC_IMPLICIT_RETAIN_SELF = YES;
				CLANG_WARN_OBJC_LITERAL_CONVERSION = YES;
				CLANG_WARN_OBJC_ROOT_CLASS = YES_ERROR;
				CLANG_WARN_QUOTED_INCLUDE_IN_FRAMEWORK_HEADER = YES;
				CLANG_WARN_RANGE_LOOP_ANALYSIS = YES;
				CLANG_WARN_STRICT_PROTOTYPES = YES;
				CLANG_WARN_SUSPICIOUS_MOVE = YES;
				CLANG_WARN_UNGUARDED_AVAILABILITY = YES_AGGRESSIVE;
				CLANG_WARN_UNREACHABLE_CODE = YES;
				CLANG_WARN__DUPLICATE_METHOD_MATCH = YES;
				COPY_PHASE_STRIP = NO;
				DEBUG_INFORMATION_FORMAT = dwarf;
				ENABLE_STRICT_OBJC_MSGSEND = YES;
				ENABLE_TESTABILITY = YES;
				ENABLE_USER_SCRIPT_SANDBOXING = YES;
				GCC_C_LANGUAGE_STANDARD = gnu17;
				GCC_DYNAMIC_NO_PIC = NO;
				GCC_NO_COMMON_BLOCKS = YES;
				GCC_OPTIMIZATION_LEVEL = 0;
				GCC_PREPROCESSOR_DEFINITIONS = (
					"DEBUG=1",
					"$(inherited)",
				);
				GCC_WARN_64_TO_32_BIT_CONVERSION = YES;
				GCC_WARN_ABOUT_RETURN_TYPE = YES_ERROR;
				GCC_WARN_UNDECLARED_SELECTOR = YES;
				GCC_WARN_UNINITIALIZED_AUTOS = YES_AGGRESSIVE;
				GCC_WARN_UNUSED_FUNCTION = YES;
				GCC_WARN_UNUSED_VARIABLE = YES;
				IPHONEOS_DEPLOYMENT_TARGET = 17.2;
				LOCALIZATION_PREFERS_STRING_CATALOGS = YES;
				MTL_ENABLE_DEBUG_INFO = INCLUDE_SOURCE;
				MTL_FAST_MATH = YES;
				ONLY_ACTIVE_ARCH = YES;
				SDKROOT = iphoneos;
				SWIFT_ACTIVE_COMPILATION_CONDITIONS = "DEBUG $(inherited)";
				SWIFT_OPTIMIZATION_LEVEL = "-Onone";
			};
			name = Debug;
		};
		8CEF75612DCBA618005B166B /* Release */ = {
			isa = XCBuildConfiguration;
			buildSettings = {
				ALWAYS_SEARCH_USER_PATHS = NO;
				ASSETCATALOG_COMPILER_GENERATE_SWIFT_ASSET_SYMBOL_EXTENSIONS = YES;
				CLANG_ANALYZER_NONNULL = YES;
				CLANG_ANALYZER_NUMBER_OBJECT_CONVERSION = YES_AGGRESSIVE;
				CLANG_CXX_LANGUAGE_STANDARD = "gnu++20";
				CLANG_ENABLE_MODULES = YES;
				CLANG_ENABLE_OBJC_ARC = YES;
				CLANG_ENABLE_OBJC_WEAK = YES;
				CLANG_WARN_BLOCK_CAPTURE_AUTORELEASING = YES;
				CLANG_WARN_BOOL_CONVERSION = YES;
				CLANG_WARN_COMMA = YES;
				CLANG_WARN_CONSTANT_CONVERSION = YES;
				CLANG_WARN_DEPRECATED_OBJC_IMPLEMENTATIONS = YES;
				CLANG_WARN_DIRECT_OBJC_ISA_USAGE = YES_ERROR;
				CLANG_WARN_DOCUMENTATION_COMMENTS = YES;
				CLANG_WARN_EMPTY_BODY = YES;
				CLANG_WARN_ENUM_CONVERSION = YES;
				CLANG_WARN_INFINITE_RECURSION = YES;
				CLANG_WARN_INT_CONVERSION = YES;
				CLANG_WARN_NON_LITERAL_NULL_CONVERSION = YES;
				CLANG_WARN_OBJC_IMPLICIT_RETAIN_SELF = YES;
				CLANG_WARN_OBJC_LITERAL_CONVERSION = YES;
				CLANG_WARN_OBJC_ROOT_CLASS = YES_ERROR;
				CLANG_WARN_QUOTED_INCLUDE_IN_FRAMEWORK_HEADER = YES;
				CLANG_WARN_RANGE_LOOP_ANALYSIS = YES;
				CLANG_WARN_STRICT_PROTOTYPES = YES;
				CLANG_WARN_SUSPICIOUS_MOVE = YES;
				CLANG_WARN_UNGUARDED_AVAILABILITY = YES_AGGRESSIVE;
				CLANG_WARN_UNREACHABLE_CODE = YES;
				CLANG_WARN__DUPLICATE_METHOD_MATCH = YES;
				COPY_PHASE_STRIP = NO;
				DEBUG_INFORMATION_FORMAT = "dwarf-with-dsym";
				ENABLE_NS_ASSERTIONS = NO;
				ENABLE_STRICT_OBJC_MSGSEND = YES;
				ENABLE_USER_SCRIPT_SANDBOXING = YES;
				GCC_C_LANGUAGE_STANDARD = gnu17;
				GCC_NO_COMMON_BLOCKS = YES;
				GCC_WARN_64_TO_32_BIT_CONVERSION = YES;
				GCC_WARN_ABOUT_RETURN_TYPE = YES_ERROR;
				GCC_WARN_UNDECLARED_SELECTOR = YES;
				GCC_WARN_UNINITIALIZED_AUTOS = YES_AGGRESSIVE;
				GCC_WARN_UNUSED_FUNCTION = YES;
				GCC_WARN_UNUSED_VARIABLE = YES;
				IPHONEOS_DEPLOYMENT_TARGET = 17.2;
				LOCALIZATION_PREFERS_STRING_CATALOGS = YES;
				MTL_ENABLE_DEBUG_INFO = NO;
				MTL_FAST_MATH = YES;
				SDKROOT = iphoneos;
				SWIFT_COMPILATION_MODE = wholemodule;
				VALIDATE_PRODUCT = YES;
			};
			name = Release;
		};
		8CEF75632DCBA618005B166B /* Debug */ = {
			isa = XCBuildConfiguration;
			buildSettings = {
				ASSETCATALOG_COMPILER_APPICON_NAME = AppIcon;
				ASSETCATALOG_COMPILER_GLOBAL_ACCENT_COLOR_NAME = AccentColor;
				CODE_SIGN_STYLE = Automatic;
				CURRENT_PROJECT_VERSION = 1;
				DEVELOPMENT_ASSET_PATHS = "\"MHD-Jihlava/Preview Content\"";
				DEVELOPMENT_TEAM = Z87L6663Q4;
				ENABLE_PREVIEWS = YES;
				GENERATE_INFOPLIST_FILE = YES;
				INFOPLIST_KEY_CFBundleDisplayName = "MHD Jihlava";
				INFOPLIST_KEY_NSLocationWhenInUseUsageDescription = "Pro zobrazení vaší polohy prosím udělte přístup k poloze";
				INFOPLIST_KEY_UIApplicationSceneManifest_Generation = YES;
				INFOPLIST_KEY_UIApplicationSupportsIndirectInputEvents = YES;
				INFOPLIST_KEY_UILaunchScreen_Generation = YES;
				INFOPLIST_KEY_UISupportedInterfaceOrientations_iPad = "UIInterfaceOrientationPortrait UIInterfaceOrientationPortraitUpsideDown UIInterfaceOrientationLandscapeLeft UIInterfaceOrientationLandscapeRight";
				INFOPLIST_KEY_UISupportedInterfaceOrientations_iPhone = "UIInterfaceOrientationPortrait UIInterfaceOrientationLandscapeLeft UIInterfaceOrientationLandscapeRight";
				LD_RUNPATH_SEARCH_PATHS = (
					"$(inherited)",
					"@executable_path/Frameworks",
				);
				MARKETING_VERSION = 1.0;
				PRODUCT_BUNDLE_IDENTIFIER = "kubatube.MHD-Jihlava";
				PRODUCT_NAME = "$(TARGET_NAME)";
				SWIFT_EMIT_LOC_STRINGS = YES;
				SWIFT_VERSION = 5.0;
				TARGETED_DEVICE_FAMILY = "1,2";
			};
			name = Debug;
		};
		8CEF75642DCBA618005B166B /* Release */ = {
			isa = XCBuildConfiguration;
			buildSettings = {
				ASSETCATALOG_COMPILER_APPICON_NAME = AppIcon;
				ASSETCATALOG_COMPILER_GLOBAL_ACCENT_COLOR_NAME = AccentColor;
				CODE_SIGN_STYLE = Automatic;
				CURRENT_PROJECT_VERSION = 1;
				DEVELOPMENT_ASSET_PATHS = "\"MHD-Jihlava/Preview Content\"";
				DEVELOPMENT_TEAM = Z87L6663Q4;
				ENABLE_PREVIEWS = YES;
				GENERATE_INFOPLIST_FILE = YES;
				INFOPLIST_KEY_CFBundleDisplayName = "MHD Jihlava";
				INFOPLIST_KEY_NSLocationWhenInUseUsageDescription = "Pro zobrazení vaší polohy prosím udělte přístup k poloze";
				INFOPLIST_KEY_UIApplicationSceneManifest_Generation = YES;
				INFOPLIST_KEY_UIApplicationSupportsIndirectInputEvents = YES;
				INFOPLIST_KEY_UILaunchScreen_Generation = YES;
				INFOPLIST_KEY_UISupportedInterfaceOrientations_iPad = "UIInterfaceOrientationPortrait UIInterfaceOrientationPortraitUpsideDown UIInterfaceOrientationLandscapeLeft UIInterfaceOrientationLandscapeRight";
				INFOPLIST_KEY_UISupportedInterfaceOrientations_iPhone = "UIInterfaceOrientationPortrait UIInterfaceOrientationLandscapeLeft UIInterfaceOrientationLandscapeRight";
				LD_RUNPATH_SEARCH_PATHS = (
					"$(inherited)",
					"@executable_path/Frameworks",
				);
				MARKETING_VERSION = 1.0;
				PRODUCT_BUNDLE_IDENTIFIER = "kubatube.MHD-Jihlava";
				PRODUCT_NAME = "$(TARGET_NAME)";
				SWIFT_EMIT_LOC_STRINGS = YES;
				SWIFT_VERSION = 5.0;
				TARGETED_DEVICE_FAMILY = "1,2";
			};
			name = Release;
		};
		8CEF75662DCBA618005B166B /* Debug */ = {
			isa = XCBuildConfiguration;
			buildSettings = {
				ALWAYS_EMBED_SWIFT_STANDARD_LIBRARIES = YES;
				BUNDLE_LOADER = "$(TEST_HOST)";
				CODE_SIGN_STYLE = Automatic;
				CURRENT_PROJECT_VERSION = 1;
				DEVELOPMENT_TEAM = Z87L6663Q4;
				GENERATE_INFOPLIST_FILE = YES;
				IPHONEOS_DEPLOYMENT_TARGET = 17.2;
				MARKETING_VERSION = 1.0;
				PRODUCT_BUNDLE_IDENTIFIER = "kubatube.MHD-JihlavaTests";
				PRODUCT_NAME = "$(TARGET_NAME)";
				SWIFT_EMIT_LOC_STRINGS = NO;
				SWIFT_VERSION = 5.0;
				TARGETED_DEVICE_FAMILY = "1,2";
				TEST_HOST = "$(BUILT_PRODUCTS_DIR)/MHD-Jihlava.app/$(BUNDLE_EXECUTABLE_FOLDER_PATH)/MHD-Jihlava";
			};
			name = Debug;
		};
		8CEF75672DCBA618005B166B /* Release */ = {
			isa = XCBuildConfiguration;
			buildSettings = {
				ALWAYS_EMBED_SWIFT_STANDARD_LIBRARIES = YES;
				BUNDLE_LOADER = "$(TEST_HOST)";
				CODE_SIGN_STYLE = Automatic;
				CURRENT_PROJECT_VERSION = 1;
				DEVELOPMENT_TEAM = Z87L6663Q4;
				GENERATE_INFOPLIST_FILE = YES;
				IPHONEOS_DEPLOYMENT_TARGET = 17.2;
				MARKETING_VERSION = 1.0;
				PRODUCT_BUNDLE_IDENTIFIER = "kubatube.MHD-JihlavaTests";
				PRODUCT_NAME = "$(TARGET_NAME)";
				SWIFT_EMIT_LOC_STRINGS = NO;
				SWIFT_VERSION = 5.0;
				TARGETED_DEVICE_FAMILY = "1,2";
				TEST_HOST = "$(BUILT_PRODUCTS_DIR)/MHD-Jihlava.app/$(BUNDLE_EXECUTABLE_FOLDER_PATH)/MHD-Jihlava";
			};
			name = Release;
		};
		8CEF75692DCBA618005B166B /* Debug */ = {
			isa = XCBuildConfiguration;
			buildSettings = {
				ALWAYS_EMBED_SWIFT_STANDARD_LIBRARIES = YES;
				CODE_SIGN_STYLE = Automatic;
				CURRENT_PROJECT_VERSION = 1;
				DEVELOPMENT_TEAM = Z87L6663Q4;
				GENERATE_INFOPLIST_FILE = YES;
				MARKETING_VERSION = 1.0;
				PRODUCT_BUNDLE_IDENTIFIER = "kubatube.MHD-JihlavaUITests";
				PRODUCT_NAME = "$(TARGET_NAME)";
				SWIFT_EMIT_LOC_STRINGS = NO;
				SWIFT_VERSION = 5.0;
				TARGETED_DEVICE_FAMILY = "1,2";
				TEST_TARGET_NAME = "MHD-Jihlava";
			};
			name = Debug;
		};
		8CEF756A2DCBA618005B166B /* Release */ = {
			isa = XCBuildConfiguration;
			buildSettings = {
				ALWAYS_EMBED_SWIFT_STANDARD_LIBRARIES = YES;
				CODE_SIGN_STYLE = Automatic;
				CURRENT_PROJECT_VERSION = 1;
				DEVELOPMENT_TEAM = Z87L6663Q4;
				GENERATE_INFOPLIST_FILE = YES;
				MARKETING_VERSION = 1.0;
				PRODUCT_BUNDLE_IDENTIFIER = "kubatube.MHD-JihlavaUITests";
				PRODUCT_NAME = "$(TARGET_NAME)";
				SWIFT_EMIT_LOC_STRINGS = NO;
				SWIFT_VERSION = 5.0;
				TARGETED_DEVICE_FAMILY = "1,2";
				TEST_TARGET_NAME = "MHD-Jihlava";
			};
			name = Release;
		};
/* End XCBuildConfiguration section */

/* Begin XCConfigurationList section */
		8CEF75392DCBA615005B166B /* Build configuration list for PBXProject "MHD-Jihlava" */ = {
			isa = XCConfigurationList;
			buildConfigurations = (
				8CEF75602DCBA618005B166B /* Debug */,
				8CEF75612DCBA618005B166B /* Release */,
			);
			defaultConfigurationIsVisible = 0;
			defaultConfigurationName = Release;
		};
		8CEF75622DCBA618005B166B /* Build configuration list for PBXNativeTarget "MHD-Jihlava" */ = {
			isa = XCConfigurationList;
			buildConfigurations = (
				8CEF75632DCBA618005B166B /* Debug */,
				8CEF75642DCBA618005B166B /* Release */,
			);
			defaultConfigurationIsVisible = 0;
			defaultConfigurationName = Release;
		};
		8CEF75652DCBA618005B166B /* Build configuration list for PBXNativeTarget "MHD-JihlavaTests" */ = {
			isa = XCConfigurationList;
			buildConfigurations = (
				8CEF75662DCBA618005B166B /* Debug */,
				8CEF75672DCBA618005B166B /* Release */,
			);
			defaultConfigurationIsVisible = 0;
			defaultConfigurationName = Release;
		};
		8CEF75682DCBA618005B166B /* Build configuration list for PBXNativeTarget "MHD-JihlavaUITests" */ = {
			isa = XCConfigurationList;
			buildConfigurations = (
				8CEF75692DCBA618005B166B /* Debug */,
				8CEF756A2DCBA618005B166B /* Release */,
			);
			defaultConfigurationIsVisible = 0;
			defaultConfigurationName = Release;
		};
/* End XCConfigurationList section */
	};
	rootObject = 8CEF75362DCBA615005B166B /* Project object */;
}
